
Microsoft Visual Studio Solution File, Format Version 12.00
# Visual Studio Version 17
VisualStudioVersion = 17.4.33403.182
MinimumVisualStudioVersion = 10.0.40219.1
Project("{FAE04EC0-301F-11D3-BF4B-00C04F79EFBC}") = "DashboardApp", "DashboardApp\DashboardApp.csproj", "{9C0173F3-7EDF-4124-B099-A13949902A16}"
EndProject
Global
	GlobalSection(SolutionConfigurationPlatforms) = preSolution
		Debug|Any CPU = Debug|Any CPU
		Release|Any CPU = Release|Any CPU
	EndGlobalSection
	GlobalSection(ProjectConfigurationPlatforms) = postSolution
		{9C0173F3-7EDF-4124-B099-A13949902A16}.Debug|Any CPU.ActiveCfg = Debug|Any CPU
		{9C0173F3-7EDF-4124-B099-A13949902A16}.Debug|Any CPU.Build.0 = Debug|Any CPU
		{9C0173F3-7EDF-4124-B099-A13949902A16}.Release|Any CPU.ActiveCfg = Release|Any CPU
		{9C0173F3-7EDF-4124-B099-A13949902A16}.Release|Any CPU.Build.0 = Release|Any CPU
	EndGlobalSection
	GlobalSection(SolutionProperties) = preSolution
		HideSolutionNode = FALSE
	EndGlobalSection
	GlobalSection(ExtensibilityGlobals) = postSolution
		SolutionGuid = {6260CCEA-E055-43F0-9E51-DAE9821E9056}
	EndGlobalSection
EndGlobal
